
Microsoft Visual Studio Solution File, Format Version 12.00
# Visual Studio Version 17
VisualStudioVersion = 17.14.36202.13
MinimumVisualStudioVersion = 10.0.40219.1
Project("{2150E333-8FDC-42A3-9474-1A3956D46DE8}") = "src", "src", "{02EA681E-C7D8-13C7-8484-4AC65E1B71E8}"
EndProject
Project("{2150E333-8FDC-42A3-9474-1A3956D46DE8}") = "Infrastruture", "Infrastruture", "{9584F453-A7D9-48F7-8D40-625C67A7AE11}"
EndProject
Project("{2150E333-8FDC-42A3-9474-1A3956D46DE8}") = "Application", "Application", "{FA2717E9-D812-4D36-B373-23D6A4D66E10}"
EndProject
Project("{FAE04EC0-301F-11D3-BF4B-00C04F79EFBC}") = "Infrastructure", "Src\Infrastruture\Infrastructure.csproj", "{FE68E9DF-9E5C-0BDE-BE04-2A01CCAF2D7D}"
EndProject
Project("{FAE04EC0-301F-11D3-BF4B-00C04F79EFBC}") = "Persitencia", "Src\Persitencia\Persitencia.csproj", "{48AA70C6-3B25-A3C2-FBD2-04DDE4C9A153}"
EndProject
Project("{FAE04EC0-301F-11D3-BF4B-00C04F79EFBC}") = "Application", "Src\Application\Application.csproj", "{5BDAB160-5258-45DA-1CDF-4BFCF367E785}"
EndProject
Project("{FAE04EC0-301F-11D3-BF4B-00C04F79EFBC}") = "Shared", "Src\Shared\Shared.csproj", "{99507BA0-BB0B-3FD9-D8E2-2AE9B409CB73}"
EndProject
Project("{FAE04EC0-301F-11D3-BF4B-00C04F79EFBC}") = "Domain", "Src\Domain\Domain.csproj", "{87EDA1D2-4B5B-E524-38CE-D0BFCA5F4D6B}"
EndProject
Project("{FAE04EC0-301F-11D3-BF4B-00C04F79EFBC}") = "Presentacion", "Src\Presentacion\Presentacion.csproj", "{0E91F4EC-58CD-C3A5-7337-FFF2E3A255AC}"
EndProject
Project("{FAE04EC0-301F-11D3-BF4B-00C04F79EFBC}") = "Mqtt-Broker", "Mqtt-Broker\Mqtt-Broker.csproj", "{FDE334AA-7B1F-763C-F48D-66B1ACEC9839}"
EndProject
Project("{FAE04EC0-301F-11D3-BF4B-00C04F79EFBC}") = "Application.Contract", "Src\Application.Contract\Application.Contract.csproj", "{E36E4230-E0E2-FF6E-1315-81D844B9212F}"
EndProject
Global
	GlobalSection(SolutionConfigurationPlatforms) = preSolution
		Debug|Any CPU = Debug|Any CPU
		Release|Any CPU = Release|Any CPU
	EndGlobalSection
	GlobalSection(ProjectConfigurationPlatforms) = postSolution
		{FE68E9DF-9E5C-0BDE-BE04-2A01CCAF2D7D}.Debug|Any CPU.ActiveCfg = Debug|Any CPU
		{FE68E9DF-9E5C-0BDE-BE04-2A01CCAF2D7D}.Debug|Any CPU.Build.0 = Debug|Any CPU
		{FE68E9DF-9E5C-0BDE-BE04-2A01CCAF2D7D}.Release|Any CPU.ActiveCfg = Release|Any CPU
		{FE68E9DF-9E5C-0BDE-BE04-2A01CCAF2D7D}.Release|Any CPU.Build.0 = Release|Any CPU
		{48AA70C6-3B25-A3C2-FBD2-04DDE4C9A153}.Debug|Any CPU.ActiveCfg = Debug|Any CPU
		{48AA70C6-3B25-A3C2-FBD2-04DDE4C9A153}.Debug|Any CPU.Build.0 = Debug|Any CPU
		{48AA70C6-3B25-A3C2-FBD2-04DDE4C9A153}.Release|Any CPU.ActiveCfg = Release|Any CPU
		{48AA70C6-3B25-A3C2-FBD2-04DDE4C9A153}.Release|Any CPU.Build.0 = Release|Any CPU
		{5BDAB160-5258-45DA-1CDF-4BFCF367E785}.Debug|Any CPU.ActiveCfg = Debug|Any CPU
		{5BDAB160-5258-45DA-1CDF-4BFCF367E785}.Debug|Any CPU.Build.0 = Debug|Any CPU
		{5BDAB160-5258-45DA-1CDF-4BFCF367E785}.Release|Any CPU.ActiveCfg = Release|Any CPU
		{5BDAB160-5258-45DA-1CDF-4BFCF367E785}.Release|Any CPU.Build.0 = Release|Any CPU
		{99507BA0-BB0B-3FD9-D8E2-2AE9B409CB73}.Debug|Any CPU.ActiveCfg = Debug|Any CPU
		{99507BA0-BB0B-3FD9-D8E2-2AE9B409CB73}.Debug|Any CPU.Build.0 = Debug|Any CPU
		{99507BA0-BB0B-3FD9-D8E2-2AE9B409CB73}.Release|Any CPU.ActiveCfg = Release|Any CPU
		{99507BA0-BB0B-3FD9-D8E2-2AE9B409CB73}.Release|Any CPU.Build.0 = Release|Any CPU
		{87EDA1D2-4B5B-E524-38CE-D0BFCA5F4D6B}.Debug|Any CPU.ActiveCfg = Debug|Any CPU
		{87EDA1D2-4B5B-E524-38CE-D0BFCA5F4D6B}.Debug|Any CPU.Build.0 = Debug|Any CPU
		{87EDA1D2-4B5B-E524-38CE-D0BFCA5F4D6B}.Release|Any CPU.ActiveCfg = Release|Any CPU
		{87EDA1D2-4B5B-E524-38CE-D0BFCA5F4D6B}.Release|Any CPU.Build.0 = Release|Any CPU
		{0E91F4EC-58CD-C3A5-7337-FFF2E3A255AC}.Debug|Any CPU.ActiveCfg = Debug|Any CPU
		{0E91F4EC-58CD-C3A5-7337-FFF2E3A255AC}.Debug|Any CPU.Build.0 = Debug|Any CPU
		{0E91F4EC-58CD-C3A5-7337-FFF2E3A255AC}.Release|Any CPU.ActiveCfg = Release|Any CPU
		{0E91F4EC-58CD-C3A5-7337-FFF2E3A255AC}.Release|Any CPU.Build.0 = Release|Any CPU
		{FDE334AA-7B1F-763C-F48D-66B1ACEC9839}.Debug|Any CPU.ActiveCfg = Debug|Any CPU
		{FDE334AA-7B1F-763C-F48D-66B1ACEC9839}.Debug|Any CPU.Build.0 = Debug|Any CPU
		{FDE334AA-7B1F-763C-F48D-66B1ACEC9839}.Release|Any CPU.ActiveCfg = Release|Any CPU
		{FDE334AA-7B1F-763C-F48D-66B1ACEC9839}.Release|Any CPU.Build.0 = Release|Any CPU
		{E36E4230-E0E2-FF6E-1315-81D844B9212F}.Debug|Any CPU.ActiveCfg = Debug|Any CPU
		{E36E4230-E0E2-FF6E-1315-81D844B9212F}.Debug|Any CPU.Build.0 = Debug|Any CPU
		{E36E4230-E0E2-FF6E-1315-81D844B9212F}.Release|Any CPU.ActiveCfg = Release|Any CPU
		{E36E4230-E0E2-FF6E-1315-81D844B9212F}.Release|Any CPU.Build.0 = Release|Any CPU
	EndGlobalSection
	GlobalSection(SolutionProperties) = preSolution
		HideSolutionNode = FALSE
	EndGlobalSection
	GlobalSection(NestedProjects) = preSolution
		{9584F453-A7D9-48F7-8D40-625C67A7AE11} = {02EA681E-C7D8-13C7-8484-4AC65E1B71E8}
		{FA2717E9-D812-4D36-B373-23D6A4D66E10} = {02EA681E-C7D8-13C7-8484-4AC65E1B71E8}
		{FE68E9DF-9E5C-0BDE-BE04-2A01CCAF2D7D} = {9584F453-A7D9-48F7-8D40-625C67A7AE11}
		{48AA70C6-3B25-A3C2-FBD2-04DDE4C9A153} = {9584F453-A7D9-48F7-8D40-625C67A7AE11}
		{5BDAB160-5258-45DA-1CDF-4BFCF367E785} = {FA2717E9-D812-4D36-B373-23D6A4D66E10}
		{99507BA0-BB0B-3FD9-D8E2-2AE9B409CB73} = {02EA681E-C7D8-13C7-8484-4AC65E1B71E8}
		{87EDA1D2-4B5B-E524-38CE-D0BFCA5F4D6B} = {02EA681E-C7D8-13C7-8484-4AC65E1B71E8}
		{0E91F4EC-58CD-C3A5-7337-FFF2E3A255AC} = {02EA681E-C7D8-13C7-8484-4AC65E1B71E8}
		{E36E4230-E0E2-FF6E-1315-81D844B9212F} = {FA2717E9-D812-4D36-B373-23D6A4D66E10}
	EndGlobalSection
	GlobalSection(ExtensibilityGlobals) = postSolution
		SolutionGuid = {77DAF5F4-E7D0-4FAD-B65C-B32107C032C5}
	EndGlobalSection
EndGlobal
